
Microsoft Visual Studio Solution File, Format Version 12.00
# Visual Studio 15
VisualStudioVersion = 15.0.27703.2047
MinimumVisualStudioVersion = 10.0.40219.1
Project("{FAE04EC0-301F-11D3-BF4B-00C04F79EFBC}") = "QLPT.HUMG", "QLPT.HUMG\QLPT.HUMG.csproj", "{690F5FBA-B268-465E-99F7-BC2DA03A7778}"
EndProject
Project("{FAE04EC0-301F-11D3-BF4B-00C04F79EFBC}") = "BLL", "BLL\BLL.csproj", "{E83A4414-70E0-434B-9722-7379CE35CB59}"
EndProject
Project("{FAE04EC0-301F-11D3-BF4B-00C04F79EFBC}") = "DAL", "DAL\DAL.csproj", "{AA874935-FF3A-4386-9EE3-5B9A1CE73062}"
EndProject
Global
	GlobalSection(SolutionConfigurationPlatforms) = preSolution
		Debug|Any CPU = Debug|Any CPU
		Release|Any CPU = Release|Any CPU
	EndGlobalSection
	GlobalSection(ProjectConfigurationPlatforms) = postSolution
		{690F5FBA-B268-465E-99F7-BC2DA03A7778}.Debug|Any CPU.ActiveCfg = Debug|Any CPU
		{690F5FBA-B268-465E-99F7-BC2DA03A7778}.Debug|Any CPU.Build.0 = Debug|Any CPU
		{690F5FBA-B268-465E-99F7-BC2DA03A7778}.Release|Any CPU.ActiveCfg = Release|Any CPU
		{690F5FBA-B268-465E-99F7-BC2DA03A7778}.Release|Any CPU.Build.0 = Release|Any CPU
		{E83A4414-70E0-434B-9722-7379CE35CB59}.Debug|Any CPU.ActiveCfg = Debug|Any CPU
		{E83A4414-70E0-434B-9722-7379CE35CB59}.Debug|Any CPU.Build.0 = Debug|Any CPU
		{E83A4414-70E0-434B-9722-7379CE35CB59}.Release|Any CPU.ActiveCfg = Release|Any CPU
		{E83A4414-70E0-434B-9722-7379CE35CB59}.Release|Any CPU.Build.0 = Release|Any CPU
		{AA874935-FF3A-4386-9EE3-5B9A1CE73062}.Debug|Any CPU.ActiveCfg = Debug|Any CPU
		{AA874935-FF3A-4386-9EE3-5B9A1CE73062}.Debug|Any CPU.Build.0 = Debug|Any CPU
		{AA874935-FF3A-4386-9EE3-5B9A1CE73062}.Release|Any CPU.ActiveCfg = Release|Any CPU
		{AA874935-FF3A-4386-9EE3-5B9A1CE73062}.Release|Any CPU.Build.0 = Release|Any CPU
	EndGlobalSection
	GlobalSection(SolutionProperties) = preSolution
		HideSolutionNode = FALSE
	EndGlobalSection
	GlobalSection(ExtensibilityGlobals) = postSolution
		SolutionGuid = {581DB342-1C29-4977-AA53-983002044798}
	EndGlobalSection
EndGlobal
